# THIS IS AN AUTOGENERATED FILE. DO NOT EDIT THIS FILE DIRECTLY.
# yarn lockfile v1


charenc@~0.0.1:
  version "0.0.2"
  resolved "https://registry.yarnpkg.com/charenc/-/charenc-0.0.2.tgz#c0a1d2f3a7092e03774bfa83f14c0fc5790a8667"

crypt@~0.0.1:
  version "0.0.2"
  resolved "https://registry.yarnpkg.com/crypt/-/crypt-0.0.2.tgz#88d7ff7ec0dfb86f713dc87bbb42d044d3e6c41b"

ghost-app@0.0.2:
  version "0.0.2"
  resolved "https://registry.yarnpkg.com/ghost-app/-/ghost-app-0.0.2.tgz#b4682fc9b2f2b4e1841d0d67a81996c632e723b3"
  dependencies:
    lodash "2.4.1"
    when "~2.5.1"

handlebars-imgix@1.0.0:
  version "1.0.0"
  resolved "https://registry.yarnpkg.com/handlebars-imgix/-/handlebars-imgix-1.0.0.tgz#048fb45df56c9f2fccae0044e6468a0ef368a310"
  dependencies:
    hjson "^2.4.1"
    imgix-core-js "^1.0.6"

hjson@^2.4.1:
  version "2.4.3"
  resolved "https://registry.yarnpkg.com/hjson/-/hjson-2.4.3.tgz#878578a45d13486ec364e11e642f57ff1a2ccbbe"

imgix-core-js@^1.0.6:
  version "1.1.1"
  resolved "https://registry.yarnpkg.com/imgix-core-js/-/imgix-core-js-1.1.1.tgz#892bc1659738878cacd4b8feb5dc9e9d91e9f837"
  dependencies:
    js-base64 "^2.1.9"
    md5 "^2.2.1"

is-buffer@~1.1.1:
  version "1.1.6"
  resolved "https://registry.yarnpkg.com/is-buffer/-/is-buffer-1.1.6.tgz#efaa2ea9daa0d7ab2ea13a97b2b8ad51fefbe8be"

js-base64@^2.1.9:
  version "2.4.5"
  resolved "https://registry.yarnpkg.com/js-base64/-/js-base64-2.4.5.tgz#e293cd3c7c82f070d700fc7a1ca0a2e69f101f92"

lodash@2.4.1:
  version "2.4.1"
  resolved "https://registry.yarnpkg.com/lodash/-/lodash-2.4.1.tgz#5b7723034dda4d262e5a46fb2c58d7cc22f71420"

md5@^2.2.1:
  version "2.2.1"
  resolved "https://registry.yarnpkg.com/md5/-/md5-2.2.1.tgz#53ab38d5fe3c8891ba465329ea23fac0540126f9"
  dependencies:
    charenc "~0.0.1"
    crypt "~0.0.1"
    is-buffer "~1.1.1"

when@~2.5.1:
  version "2.5.1"
  resolved "https://registry.yarnpkg.com/when/-/when-2.5.1.tgz#1109685075dc09643109287e6363ae5d73ea7d53"
