# THIS IS AN AUTOGENERATED FILE. DO NOT EDIT THIS FILE DIRECTLY.
# yarn lockfile v1


ghost-app@0.0.2:
  version "0.0.2"
  resolved "https://registry.yarnpkg.com/ghost-app/-/ghost-app-0.0.2.tgz#b4682fc9b2f2b4e1841d0d67a81996c632e723b3"
  dependencies:
    lodash "2.4.1"
    when "~2.5.1"

lodash@2.4.1:
  version "2.4.1"
  resolved "https://registry.yarnpkg.com/lodash/-/lodash-2.4.1.tgz#5b7723034dda4d262e5a46fb2c58d7cc22f71420"

when@~2.5.1:
  version "2.5.1"
  resolved "https://registry.yarnpkg.com/when/-/when-2.5.1.tgz#1109685075dc09643109287e6363ae5d73ea7d53"
